# This file is automatically @generated by Cargo.
# It is not intended for manual editing.
version = 4

[[package]]
name = "srt-core"
version = "0.1.0"
dependencies = [
 "srt-error",
]

[[package]]
name = "srt-error"
version = "0.1.0"

[[package]]
name = "srt-reliability"
version = "0.1.0"
dependencies = [
 "srt-core",
]

[[package]]
name = "srt-runtime"
version = "0.1.0"
dependencies = [
 "srt-core",
 "srt-reliability",
]

[[package]]
name = "srt-wire"
version = "0.1.0"
dependencies = [
 "srt-core",
]
